
Microsoft Visual Studio Solution File, Format Version 12.00
# Visual Studio Version 16
VisualStudioVersion = 16.0.30204.135
MinimumVisualStudioVersion = 10.0.40219.1
Project("{FAE04EC0-301F-11D3-BF4B-00C04F79EFBC}") = "KeybordKeyDecode", "KeybordKeyDecode\KeybordKeyDecode.csproj", "{637EEB18-8647-4E97-8093-584CE364EA4D}"
EndProject
Global
	GlobalSection(SolutionConfigurationPlatforms) = preSolution
		Debug|Any CPU = Debug|Any CPU
		Release|Any CPU = Release|Any CPU
	EndGlobalSection
	GlobalSection(ProjectConfigurationPlatforms) = postSolution
		{637EEB18-8647-4E97-8093-584CE364EA4D}.Debug|Any CPU.ActiveCfg = Debug|Any CPU
		{637EEB18-8647-4E97-8093-584CE364EA4D}.Debug|Any CPU.Build.0 = Debug|Any CPU
		{637EEB18-8647-4E97-8093-584CE364EA4D}.Release|Any CPU.ActiveCfg = Release|Any CPU
		{637EEB18-8647-4E97-8093-584CE364EA4D}.Release|Any CPU.Build.0 = Release|Any CPU
	EndGlobalSection
	GlobalSection(SolutionProperties) = preSolution
		HideSolutionNode = FALSE
	EndGlobalSection
	GlobalSection(ExtensibilityGlobals) = postSolution
		SolutionGuid = {56E78EA0-B548-4109-B1B5-F26D83168546}
	EndGlobalSection
EndGlobal
